
Microsoft Visual Studio Solution File, Format Version 12.00
# Visual Studio Version 16
VisualStudioVersion = 16.0.29102.190
MinimumVisualStudioVersion = 10.0.40219.1
Project("{9A19103F-16F7-4668-BE54-9A1E7A4F7556}") = "TeamCityAPI", "TeamCityAPI\TeamCityAPI.csproj", "{2E85A2A1-78D4-4F56-A71D-13427F65FC03}"
EndProject
Project("{9A19103F-16F7-4668-BE54-9A1E7A4F7556}") = "TCAPIGenerator", "TCAPGenerator\TCAPIGenerator.csproj", "{9ABA728F-5D7D-455F-82FF-13E4DAB70854}"
EndProject
Project("{9A19103F-16F7-4668-BE54-9A1E7A4F7556}") = "UnitTests", "UnitTests\UnitTests.csproj", "{4650E900-939C-4C59-A26E-8B6E28F19904}"
EndProject
Project("{FAE04EC0-301F-11D3-BF4B-00C04F79EFBC}") = "TestAPI", "TestAPI\TestAPI.csproj", "{9414CD01-FFAB-49D2-8FDA-9A0B862C1CBC}"
EndProject
Global
	GlobalSection(SolutionConfigurationPlatforms) = preSolution
		Debug|Any CPU = Debug|Any CPU
		Release|Any CPU = Release|Any CPU
	EndGlobalSection
	GlobalSection(ProjectConfigurationPlatforms) = postSolution
		{2E85A2A1-78D4-4F56-A71D-13427F65FC03}.Debug|Any CPU.ActiveCfg = Debug|Any CPU
		{2E85A2A1-78D4-4F56-A71D-13427F65FC03}.Debug|Any CPU.Build.0 = Debug|Any CPU
		{2E85A2A1-78D4-4F56-A71D-13427F65FC03}.Release|Any CPU.ActiveCfg = Release|Any CPU
		{2E85A2A1-78D4-4F56-A71D-13427F65FC03}.Release|Any CPU.Build.0 = Release|Any CPU
		{9ABA728F-5D7D-455F-82FF-13E4DAB70854}.Debug|Any CPU.ActiveCfg = Debug|Any CPU
		{9ABA728F-5D7D-455F-82FF-13E4DAB70854}.Debug|Any CPU.Build.0 = Debug|Any CPU
		{9ABA728F-5D7D-455F-82FF-13E4DAB70854}.Release|Any CPU.ActiveCfg = Release|Any CPU
		{4650E900-939C-4C59-A26E-8B6E28F19904}.Debug|Any CPU.ActiveCfg = Debug|Any CPU
		{4650E900-939C-4C59-A26E-8B6E28F19904}.Debug|Any CPU.Build.0 = Debug|Any CPU
		{4650E900-939C-4C59-A26E-8B6E28F19904}.Release|Any CPU.ActiveCfg = Release|Any CPU
		{4650E900-939C-4C59-A26E-8B6E28F19904}.Release|Any CPU.Build.0 = Release|Any CPU
		{9414CD01-FFAB-49D2-8FDA-9A0B862C1CBC}.Debug|Any CPU.ActiveCfg = Debug|Any CPU
		{9414CD01-FFAB-49D2-8FDA-9A0B862C1CBC}.Debug|Any CPU.Build.0 = Debug|Any CPU
		{9414CD01-FFAB-49D2-8FDA-9A0B862C1CBC}.Release|Any CPU.ActiveCfg = Release|Any CPU
		{9414CD01-FFAB-49D2-8FDA-9A0B862C1CBC}.Release|Any CPU.Build.0 = Release|Any CPU
	EndGlobalSection
	GlobalSection(SolutionProperties) = preSolution
		HideSolutionNode = FALSE
	EndGlobalSection
	GlobalSection(ExtensibilityGlobals) = postSolution
		SolutionGuid = {581DEFF1-A760-477D-92D1-D920FF58AAF2}
	EndGlobalSection
EndGlobal
